{
  "requires": true,
  "lockfileVersion": 1,
  "dependencies": {
    "child-replace-with-polyfill": {
      "version": "1.0.1",
      "resolved": "https://registry.npmjs.org/child-replace-with-polyfill/-/child-replace-with-polyfill-1.0.1.tgz",
      "integrity": "sha512-BlTZAW4YN/rb5H/LkQC9h8i/PaylFkbTPs5z0xx/j3aje/2iQqfykfYMZY9O6herPhu3DB1fG6SmJa6LtolcnQ=="
    },
    "classlist-polyfill": {
      "version": "1.2.0",
      "resolved": "https://registry.npmjs.org/classlist-polyfill/-/classlist-polyfill-1.2.0.tgz",
      "integrity": "sha1-k1vC39lFiodrJ5YXUUY4vKqWSi4="
    },
    "formdata-polyfill": {
      "version": "3.0.19",
      "resolved": "https://registry.npmjs.org/formdata-polyfill/-/formdata-polyfill-3.0.19.tgz",
      "integrity": "sha512-nRSp8nniopIOCLZOUE2omwnUvmRH6VEdKm52rLTne8XBsW7hMMBUiOjuxUPoBsiK0CatKmxArh+Svt2s7R66JQ=="
    },
    "mdn-polyfills": {
      "version": "5.18.0",
      "resolved": "https://registry.npmjs.org/mdn-polyfills/-/mdn-polyfills-5.18.0.tgz",
      "integrity": "sha512-ZPfQnRpxGex77QdYXEX2ucbaEpNzLZjCjEGL6NDAbBqsqkQBIhQkTrCsIKBzNMM3Iofk2MOFq/YoU/fyklOGPw=="
    },
    "url-search-params-polyfill": {
      "version": "7.0.0",
      "resolved": "https://registry.npmjs.org/url-search-params-polyfill/-/url-search-params-polyfill-7.0.0.tgz",
      "integrity": "sha512-0SEH3s+wCNbxEE/rWUalN004ICNi23Q74Ksc0gS2kG8EXnbayxGOrV97JdwnIVPKZ75Xk0hvKXvtIC4xReLMgg=="
    }
  }
}
